
Microsoft Visual Studio Solution File, Format Version 12.00
# Visual Studio Version 17
VisualStudioVersion = 17.0.31903.59
MinimumVisualStudioVersion = 10.0.40219.1
Project("{2150E333-8FDC-42A3-9474-1A3956D46DE8}") = "src", "src", "{827E0CD3-B72D-47B6-A68D-7590B98EB39B}"
EndProject
Project("{FAE04EC0-301F-11D3-BF4B-00C04F79EFBC}") = "Atm.Domain", "src\Atm.Domain\Atm.Domain.csproj", "{A88D25D0-3D4D-48FE-A194-7ADA4CDC7086}"
EndProject
Project("{FAE04EC0-301F-11D3-BF4B-00C04F79EFBC}") = "Atm.Application.Abstractions", "src\Atm.Application.Abstractions\Atm.Application.Abstractions.csproj", "{3830631E-32C3-4DF6-8846-4B811D476AFE}"
EndProject
Project("{FAE04EC0-301F-11D3-BF4B-00C04F79EFBC}") = "Atm.Application.Contracts", "src\Atm.Application.Contracts\Atm.Application.Contracts.csproj", "{3EEEC36F-EF22-4958-BDDC-F4EB7D2C1700}"
EndProject
Project("{FAE04EC0-301F-11D3-BF4B-00C04F79EFBC}") = "Atm.Application", "src\Atm.Application\Atm.Application.csproj", "{38C552F8-6C6C-419E-BDE8-13ECB1EB97F6}"
EndProject
Project("{FAE04EC0-301F-11D3-BF4B-00C04F79EFBC}") = "Atm.Infrastructure", "src\Atm.Infrastructure\Atm.Infrastructure.csproj", "{685D6187-D16F-4231-A59D-111A4C832F55}"
EndProject
Project("{FAE04EC0-301F-11D3-BF4B-00C04F79EFBC}") = "Atm.Presentation", "src\Atm.Presentation\Atm.Presentation.csproj", "{72D902C9-8BE5-4408-B0EA-F77BCDD7C534}"
EndProject
Project("{2150E333-8FDC-42A3-9474-1A3956D46DE8}") = "tests", "tests", "{0AB3BF05-4346-4AA6-1389-037BE0695223}"
EndProject
Project("{FAE04EC0-301F-11D3-BF4B-00C04F79EFBC}") = "Atm.Application.Tests", "tests\Atm.Application.Tests\Atm.Application.Tests.csproj", "{2DEDE88D-E43A-4FBC-A2E2-0AE5AD2945B5}"
EndProject
Global
	GlobalSection(SolutionConfigurationPlatforms) = preSolution
		Debug|Any CPU = Debug|Any CPU
		Debug|x64 = Debug|x64
		Debug|x86 = Debug|x86
		Release|Any CPU = Release|Any CPU
		Release|x64 = Release|x64
		Release|x86 = Release|x86
	EndGlobalSection
	GlobalSection(ProjectConfigurationPlatforms) = postSolution
		{A88D25D0-3D4D-48FE-A194-7ADA4CDC7086}.Debug|Any CPU.ActiveCfg = Debug|Any CPU
		{A88D25D0-3D4D-48FE-A194-7ADA4CDC7086}.Debug|Any CPU.Build.0 = Debug|Any CPU
		{A88D25D0-3D4D-48FE-A194-7ADA4CDC7086}.Debug|x64.ActiveCfg = Debug|Any CPU
		{A88D25D0-3D4D-48FE-A194-7ADA4CDC7086}.Debug|x64.Build.0 = Debug|Any CPU
		{A88D25D0-3D4D-48FE-A194-7ADA4CDC7086}.Debug|x86.ActiveCfg = Debug|Any CPU
		{A88D25D0-3D4D-48FE-A194-7ADA4CDC7086}.Debug|x86.Build.0 = Debug|Any CPU
		{A88D25D0-3D4D-48FE-A194-7ADA4CDC7086}.Release|Any CPU.ActiveCfg = Release|Any CPU
		{A88D25D0-3D4D-48FE-A194-7ADA4CDC7086}.Release|Any CPU.Build.0 = Release|Any CPU
		{A88D25D0-3D4D-48FE-A194-7ADA4CDC7086}.Release|x64.ActiveCfg = Release|Any CPU
		{A88D25D0-3D4D-48FE-A194-7ADA4CDC7086}.Release|x64.Build.0 = Release|Any CPU
		{A88D25D0-3D4D-48FE-A194-7ADA4CDC7086}.Release|x86.ActiveCfg = Release|Any CPU
		{A88D25D0-3D4D-48FE-A194-7ADA4CDC7086}.Release|x86.Build.0 = Release|Any CPU
		{3830631E-32C3-4DF6-8846-4B811D476AFE}.Debug|Any CPU.ActiveCfg = Debug|Any CPU
		{3830631E-32C3-4DF6-8846-4B811D476AFE}.Debug|Any CPU.Build.0 = Debug|Any CPU
		{3830631E-32C3-4DF6-8846-4B811D476AFE}.Debug|x64.ActiveCfg = Debug|Any CPU
		{3830631E-32C3-4DF6-8846-4B811D476AFE}.Debug|x64.Build.0 = Debug|Any CPU
		{3830631E-32C3-4DF6-8846-4B811D476AFE}.Debug|x86.ActiveCfg = Debug|Any CPU
		{3830631E-32C3-4DF6-8846-4B811D476AFE}.Debug|x86.Build.0 = Debug|Any CPU
		{3830631E-32C3-4DF6-8846-4B811D476AFE}.Release|Any CPU.ActiveCfg = Release|Any CPU
		{3830631E-32C3-4DF6-8846-4B811D476AFE}.Release|Any CPU.Build.0 = Release|Any CPU
		{3830631E-32C3-4DF6-8846-4B811D476AFE}.Release|x64.ActiveCfg = Release|Any CPU
		{3830631E-32C3-4DF6-8846-4B811D476AFE}.Release|x64.Build.0 = Release|Any CPU
		{3830631E-32C3-4DF6-8846-4B811D476AFE}.Release|x86.ActiveCfg = Release|Any CPU
		{3830631E-32C3-4DF6-8846-4B811D476AFE}.Release|x86.Build.0 = Release|Any CPU
		{3EEEC36F-EF22-4958-BDDC-F4EB7D2C1700}.Debug|Any CPU.ActiveCfg = Debug|Any CPU
		{3EEEC36F-EF22-4958-BDDC-F4EB7D2C1700}.Debug|Any CPU.Build.0 = Debug|Any CPU
		{3EEEC36F-EF22-4958-BDDC-F4EB7D2C1700}.Debug|x64.ActiveCfg = Debug|Any CPU
		{3EEEC36F-EF22-4958-BDDC-F4EB7D2C1700}.Debug|x64.Build.0 = Debug|Any CPU
		{3EEEC36F-EF22-4958-BDDC-F4EB7D2C1700}.Debug|x86.ActiveCfg = Debug|Any CPU
		{3EEEC36F-EF22-4958-BDDC-F4EB7D2C1700}.Debug|x86.Build.0 = Debug|Any CPU
		{3EEEC36F-EF22-4958-BDDC-F4EB7D2C1700}.Release|Any CPU.ActiveCfg = Release|Any CPU
		{3EEEC36F-EF22-4958-BDDC-F4EB7D2C1700}.Release|Any CPU.Build.0 = Release|Any CPU
		{3EEEC36F-EF22-4958-BDDC-F4EB7D2C1700}.Release|x64.ActiveCfg = Release|Any CPU
		{3EEEC36F-EF22-4958-BDDC-F4EB7D2C1700}.Release|x64.Build.0 = Release|Any CPU
		{3EEEC36F-EF22-4958-BDDC-F4EB7D2C1700}.Release|x86.ActiveCfg = Release|Any CPU
		{3EEEC36F-EF22-4958-BDDC-F4EB7D2C1700}.Release|x86.Build.0 = Release|Any CPU
		{38C552F8-6C6C-419E-BDE8-13ECB1EB97F6}.Debug|Any CPU.ActiveCfg = Debug|Any CPU
		{38C552F8-6C6C-419E-BDE8-13ECB1EB97F6}.Debug|Any CPU.Build.0 = Debug|Any CPU
		{38C552F8-6C6C-419E-BDE8-13ECB1EB97F6}.Debug|x64.ActiveCfg = Debug|Any CPU
		{38C552F8-6C6C-419E-BDE8-13ECB1EB97F6}.Debug|x64.Build.0 = Debug|Any CPU
		{38C552F8-6C6C-419E-BDE8-13ECB1EB97F6}.Debug|x86.ActiveCfg = Debug|Any CPU
		{38C552F8-6C6C-419E-BDE8-13ECB1EB97F6}.Debug|x86.Build.0 = Debug|Any CPU
		{38C552F8-6C6C-419E-BDE8-13ECB1EB97F6}.Release|Any CPU.ActiveCfg = Release|Any CPU
		{38C552F8-6C6C-419E-BDE8-13ECB1EB97F6}.Release|Any CPU.Build.0 = Release|Any CPU
		{38C552F8-6C6C-419E-BDE8-13ECB1EB97F6}.Release|x64.ActiveCfg = Release|Any CPU
		{38C552F8-6C6C-419E-BDE8-13ECB1EB97F6}.Release|x64.Build.0 = Release|Any CPU
		{38C552F8-6C6C-419E-BDE8-13ECB1EB97F6}.Release|x86.ActiveCfg = Release|Any CPU
		{38C552F8-6C6C-419E-BDE8-13ECB1EB97F6}.Release|x86.Build.0 = Release|Any CPU
		{685D6187-D16F-4231-A59D-111A4C832F55}.Debug|Any CPU.ActiveCfg = Debug|Any CPU
		{685D6187-D16F-4231-A59D-111A4C832F55}.Debug|Any CPU.Build.0 = Debug|Any CPU
		{685D6187-D16F-4231-A59D-111A4C832F55}.Debug|x64.ActiveCfg = Debug|Any CPU
		{685D6187-D16F-4231-A59D-111A4C832F55}.Debug|x64.Build.0 = Debug|Any CPU
		{685D6187-D16F-4231-A59D-111A4C832F55}.Debug|x86.ActiveCfg = Debug|Any CPU
		{685D6187-D16F-4231-A59D-111A4C832F55}.Debug|x86.Build.0 = Debug|Any CPU
		{685D6187-D16F-4231-A59D-111A4C832F55}.Release|Any CPU.ActiveCfg = Release|Any CPU
		{685D6187-D16F-4231-A59D-111A4C832F55}.Release|Any CPU.Build.0 = Release|Any CPU
		{685D6187-D16F-4231-A59D-111A4C832F55}.Release|x64.ActiveCfg = Release|Any CPU
		{685D6187-D16F-4231-A59D-111A4C832F55}.Release|x64.Build.0 = Release|Any CPU
		{685D6187-D16F-4231-A59D-111A4C832F55}.Release|x86.ActiveCfg = Release|Any CPU
		{685D6187-D16F-4231-A59D-111A4C832F55}.Release|x86.Build.0 = Release|Any CPU
		{72D902C9-8BE5-4408-B0EA-F77BCDD7C534}.Debug|Any CPU.ActiveCfg = Debug|Any CPU
		{72D902C9-8BE5-4408-B0EA-F77BCDD7C534}.Debug|Any CPU.Build.0 = Debug|Any CPU
		{72D902C9-8BE5-4408-B0EA-F77BCDD7C534}.Debug|x64.ActiveCfg = Debug|Any CPU
		{72D902C9-8BE5-4408-B0EA-F77BCDD7C534}.Debug|x64.Build.0 = Debug|Any CPU
		{72D902C9-8BE5-4408-B0EA-F77BCDD7C534}.Debug|x86.ActiveCfg = Debug|Any CPU
		{72D902C9-8BE5-4408-B0EA-F77BCDD7C534}.Debug|x86.Build.0 = Debug|Any CPU
		{72D902C9-8BE5-4408-B0EA-F77BCDD7C534}.Release|Any CPU.ActiveCfg = Release|Any CPU
		{72D902C9-8BE5-4408-B0EA-F77BCDD7C534}.Release|Any CPU.Build.0 = Release|Any CPU
		{72D902C9-8BE5-4408-B0EA-F77BCDD7C534}.Release|x64.ActiveCfg = Release|Any CPU
		{72D902C9-8BE5-4408-B0EA-F77BCDD7C534}.Release|x64.Build.0 = Release|Any CPU
		{72D902C9-8BE5-4408-B0EA-F77BCDD7C534}.Release|x86.ActiveCfg = Release|Any CPU
		{72D902C9-8BE5-4408-B0EA-F77BCDD7C534}.Release|x86.Build.0 = Release|Any CPU
		{2DEDE88D-E43A-4FBC-A2E2-0AE5AD2945B5}.Debug|Any CPU.ActiveCfg = Debug|Any CPU
		{2DEDE88D-E43A-4FBC-A2E2-0AE5AD2945B5}.Debug|Any CPU.Build.0 = Debug|Any CPU
		{2DEDE88D-E43A-4FBC-A2E2-0AE5AD2945B5}.Debug|x64.ActiveCfg = Debug|Any CPU
		{2DEDE88D-E43A-4FBC-A2E2-0AE5AD2945B5}.Debug|x64.Build.0 = Debug|Any CPU
		{2DEDE88D-E43A-4FBC-A2E2-0AE5AD2945B5}.Debug|x86.ActiveCfg = Debug|Any CPU
		{2DEDE88D-E43A-4FBC-A2E2-0AE5AD2945B5}.Debug|x86.Build.0 = Debug|Any CPU
		{2DEDE88D-E43A-4FBC-A2E2-0AE5AD2945B5}.Release|Any CPU.ActiveCfg = Release|Any CPU
		{2DEDE88D-E43A-4FBC-A2E2-0AE5AD2945B5}.Release|Any CPU.Build.0 = Release|Any CPU
		{2DEDE88D-E43A-4FBC-A2E2-0AE5AD2945B5}.Release|x64.ActiveCfg = Release|Any CPU
		{2DEDE88D-E43A-4FBC-A2E2-0AE5AD2945B5}.Release|x64.Build.0 = Release|Any CPU
		{2DEDE88D-E43A-4FBC-A2E2-0AE5AD2945B5}.Release|x86.ActiveCfg = Release|Any CPU
		{2DEDE88D-E43A-4FBC-A2E2-0AE5AD2945B5}.Release|x86.Build.0 = Release|Any CPU
	EndGlobalSection
	GlobalSection(SolutionProperties) = preSolution
		HideSolutionNode = FALSE
	EndGlobalSection
	GlobalSection(NestedProjects) = preSolution
		{A88D25D0-3D4D-48FE-A194-7ADA4CDC7086} = {827E0CD3-B72D-47B6-A68D-7590B98EB39B}
		{3830631E-32C3-4DF6-8846-4B811D476AFE} = {827E0CD3-B72D-47B6-A68D-7590B98EB39B}
		{3EEEC36F-EF22-4958-BDDC-F4EB7D2C1700} = {827E0CD3-B72D-47B6-A68D-7590B98EB39B}
		{38C552F8-6C6C-419E-BDE8-13ECB1EB97F6} = {827E0CD3-B72D-47B6-A68D-7590B98EB39B}
		{685D6187-D16F-4231-A59D-111A4C832F55} = {827E0CD3-B72D-47B6-A68D-7590B98EB39B}
		{72D902C9-8BE5-4408-B0EA-F77BCDD7C534} = {827E0CD3-B72D-47B6-A68D-7590B98EB39B}
		{2DEDE88D-E43A-4FBC-A2E2-0AE5AD2945B5} = {0AB3BF05-4346-4AA6-1389-037BE0695223}
	EndGlobalSection
EndGlobal
